
Microsoft Visual Studio Solution File, Format Version 12.00
# Visual Studio Version 17
VisualStudioVersion = 17.2.32519.379
MinimumVisualStudioVersion = 10.0.40219.1
Project("{FAE04EC0-301F-11D3-BF4B-00C04F79EFBC}") = "TERACalendar", "TERACalendar\TERACalendar.csproj", "{42D1BB9A-8ED4-46AC-B010-DDD1F7D9B083}"
EndProject
Project("{FAE04EC0-301F-11D3-BF4B-00C04F79EFBC}") = "TERAResources", "TERAResources\TERAResources.csproj", "{35C9498C-26CB-41F0-AF3B-36621A010631}"
EndProject
Global
	GlobalSection(SolutionConfigurationPlatforms) = preSolution
		Debug|Any CPU = Debug|Any CPU
		Release|Any CPU = Release|Any CPU
	EndGlobalSection
	GlobalSection(ProjectConfigurationPlatforms) = postSolution
		{42D1BB9A-8ED4-46AC-B010-DDD1F7D9B083}.Debug|Any CPU.ActiveCfg = Debug|Any CPU
		{42D1BB9A-8ED4-46AC-B010-DDD1F7D9B083}.Debug|Any CPU.Build.0 = Debug|Any CPU
		{42D1BB9A-8ED4-46AC-B010-DDD1F7D9B083}.Release|Any CPU.ActiveCfg = Release|Any CPU
		{42D1BB9A-8ED4-46AC-B010-DDD1F7D9B083}.Release|Any CPU.Build.0 = Release|Any CPU
		{35C9498C-26CB-41F0-AF3B-36621A010631}.Debug|Any CPU.ActiveCfg = Debug|Any CPU
		{35C9498C-26CB-41F0-AF3B-36621A010631}.Debug|Any CPU.Build.0 = Debug|Any CPU
		{35C9498C-26CB-41F0-AF3B-36621A010631}.Release|Any CPU.ActiveCfg = Release|Any CPU
		{35C9498C-26CB-41F0-AF3B-36621A010631}.Release|Any CPU.Build.0 = Release|Any CPU
	EndGlobalSection
	GlobalSection(SolutionProperties) = preSolution
		HideSolutionNode = FALSE
	EndGlobalSection
	GlobalSection(ExtensibilityGlobals) = postSolution
		SolutionGuid = {5BECDB34-3D02-4B9E-A9A6-452AE809A55A}
	EndGlobalSection
EndGlobal
